
Microsoft Visual Studio Solution File, Format Version 12.00
# Visual Studio 15
VisualStudioVersion = 15.0.28307.168
MinimumVisualStudioVersion = 10.0.40219.1
Project("{8BC9CEB8-8B4A-11D0-8D11-00A0C91BC942}") = "Exercize5", "Exercize5\Exercize5.vcxproj", "{61EBEF8D-F74B-4B6F-BBA4-6F1183DD47A0}"
EndProject
Global
	GlobalSection(SolutionConfigurationPlatforms) = preSolution
		Debug|x64 = Debug|x64
		Debug|x86 = Debug|x86
		Release|x64 = Release|x64
		Release|x86 = Release|x86
	EndGlobalSection
	GlobalSection(ProjectConfigurationPlatforms) = postSolution
		{61EBEF8D-F74B-4B6F-BBA4-6F1183DD47A0}.Debug|x64.ActiveCfg = Debug|x64
		{61EBEF8D-F74B-4B6F-BBA4-6F1183DD47A0}.Debug|x64.Build.0 = Debug|x64
		{61EBEF8D-F74B-4B6F-BBA4-6F1183DD47A0}.Debug|x86.ActiveCfg = Debug|Win32
		{61EBEF8D-F74B-4B6F-BBA4-6F1183DD47A0}.Debug|x86.Build.0 = Debug|Win32
		{61EBEF8D-F74B-4B6F-BBA4-6F1183DD47A0}.Release|x64.ActiveCfg = Release|x64
		{61EBEF8D-F74B-4B6F-BBA4-6F1183DD47A0}.Release|x64.Build.0 = Release|x64
		{61EBEF8D-F74B-4B6F-BBA4-6F1183DD47A0}.Release|x86.ActiveCfg = Release|Win32
		{61EBEF8D-F74B-4B6F-BBA4-6F1183DD47A0}.Release|x86.Build.0 = Release|Win32
	EndGlobalSection
	GlobalSection(SolutionProperties) = preSolution
		HideSolutionNode = FALSE
	EndGlobalSection
	GlobalSection(ExtensibilityGlobals) = postSolution
		SolutionGuid = {D0A55706-0832-404B-BA5D-23D5916A7CC9}
	EndGlobalSection
EndGlobal
