
Microsoft Visual Studio Solution File, Format Version 12.00
# Visual Studio 15
VisualStudioVersion = 15.0.28307.168
MinimumVisualStudioVersion = 10.0.40219.1
Project("{8BC9CEB8-8B4A-11D0-8D11-00A0C91BC942}") = "Exerrcize13", "Exerrcize13\Exerrcize13.vcxproj", "{96EEEC1E-3196-47A8-9FF3-D287733E2587}"
EndProject
Global
	GlobalSection(SolutionConfigurationPlatforms) = preSolution
		Debug|x64 = Debug|x64
		Debug|x86 = Debug|x86
		Release|x64 = Release|x64
		Release|x86 = Release|x86
	EndGlobalSection
	GlobalSection(ProjectConfigurationPlatforms) = postSolution
		{96EEEC1E-3196-47A8-9FF3-D287733E2587}.Debug|x64.ActiveCfg = Debug|x64
		{96EEEC1E-3196-47A8-9FF3-D287733E2587}.Debug|x64.Build.0 = Debug|x64
		{96EEEC1E-3196-47A8-9FF3-D287733E2587}.Debug|x86.ActiveCfg = Debug|Win32
		{96EEEC1E-3196-47A8-9FF3-D287733E2587}.Debug|x86.Build.0 = Debug|Win32
		{96EEEC1E-3196-47A8-9FF3-D287733E2587}.Release|x64.ActiveCfg = Release|x64
		{96EEEC1E-3196-47A8-9FF3-D287733E2587}.Release|x64.Build.0 = Release|x64
		{96EEEC1E-3196-47A8-9FF3-D287733E2587}.Release|x86.ActiveCfg = Release|Win32
		{96EEEC1E-3196-47A8-9FF3-D287733E2587}.Release|x86.Build.0 = Release|Win32
	EndGlobalSection
	GlobalSection(SolutionProperties) = preSolution
		HideSolutionNode = FALSE
	EndGlobalSection
	GlobalSection(ExtensibilityGlobals) = postSolution
		SolutionGuid = {47D00037-4885-49ED-9647-5F4F64A677BA}
	EndGlobalSection
EndGlobal
